{
	"name": "@lxd1996-cli-dev/utils",
	"version": "1.0.0",
	"lockfileVersion": 1,
	"requires": true,
	"dependencies": {
		"lxd1996-cli": {
			"version": "1.0.0",
			"resolved": "https://registry.npmjs.org/lxd1996-cli/-/lxd1996-cli-1.0.0.tgz",
			"integrity": "sha512-WxaNzIRHbSwPkEaNCgRAh4fZJBIIgen4qqlsXAv3VBYzJ4udLABJQkUu6yqlmiTRlXdCTD28mKm2WJVZpnuGeA=="
		}
	}
}
